<Solution>
  <Folder Name="/src/">
    <Project Path="src/IdleExplorers.Rules/IdleExplorers.Rules.csproj" />
    <Project Path="src/IdleExplorers.Content/IdleExplorers.Content.csproj" />
  </Folder>
  <Folder Name="/tests/">
    <Project Path="tests/IdleExplorers.Rules.Tests/IdleExplorers.Rules.Tests.csproj" />
    <Project Path="tests/IdleExplorers.Content.Tests/IdleExplorers.Content.Tests.csproj" />
  </Folder>
</Solution>
